
Microsoft Visual Studio Solution File, Format Version 12.00
# Visual Studio Version 17
VisualStudioVersion = 17.9.34714.143
MinimumVisualStudioVersion = 10.0.40219.1
Project("{2150E333-8FDC-42A3-9474-1A3956D46DE8}") = "Microservices", "Microservices", "{25F5CCC0-89A1-4CDF-8831-D107D8C00793}"
EndProject
Project("{9A19103F-16F7-4668-BE54-9A1E7A4F7556}") = "CandleMainService", "Microservices\CandleMainService\CandleMainService.csproj", "{3B90A11B-999C-4098-9921-6023439702EE}"
EndProject
Project("{9A19103F-16F7-4668-BE54-9A1E7A4F7556}") = "CandleDataService", "Microservices\CandleDataService\CandleDataService.csproj", "{891A452C-AE11-4772-9994-90A2E9879C34}"
EndProject
Project("{9A19103F-16F7-4668-BE54-9A1E7A4F7556}") = "CandleProcessService", "Microservices\CandleProcessService\CandleProcessService.csproj", "{CE30254A-71F2-4BC4-A78E-E3C33E733BA8}"
EndProject
Project("{FAE04EC0-301F-11D3-BF4B-00C04F79EFBC}") = "AccountService", "Microservices\AccountService\AccountService.csproj", "{A7319098-F7CA-45D6-8392-74D3F90F60D6}"
EndProject
Global
	GlobalSection(SolutionConfigurationPlatforms) = preSolution
		Debug|Any CPU = Debug|Any CPU
		Release|Any CPU = Release|Any CPU
	EndGlobalSection
	GlobalSection(ProjectConfigurationPlatforms) = postSolution
		{3B90A11B-999C-4098-9921-6023439702EE}.Debug|Any CPU.ActiveCfg = Debug|Any CPU
		{3B90A11B-999C-4098-9921-6023439702EE}.Debug|Any CPU.Build.0 = Debug|Any CPU
		{3B90A11B-999C-4098-9921-6023439702EE}.Release|Any CPU.ActiveCfg = Release|Any CPU
		{3B90A11B-999C-4098-9921-6023439702EE}.Release|Any CPU.Build.0 = Release|Any CPU
		{891A452C-AE11-4772-9994-90A2E9879C34}.Debug|Any CPU.ActiveCfg = Debug|Any CPU
		{891A452C-AE11-4772-9994-90A2E9879C34}.Debug|Any CPU.Build.0 = Debug|Any CPU
		{891A452C-AE11-4772-9994-90A2E9879C34}.Release|Any CPU.ActiveCfg = Release|Any CPU
		{891A452C-AE11-4772-9994-90A2E9879C34}.Release|Any CPU.Build.0 = Release|Any CPU
		{CE30254A-71F2-4BC4-A78E-E3C33E733BA8}.Debug|Any CPU.ActiveCfg = Debug|Any CPU
		{CE30254A-71F2-4BC4-A78E-E3C33E733BA8}.Debug|Any CPU.Build.0 = Debug|Any CPU
		{CE30254A-71F2-4BC4-A78E-E3C33E733BA8}.Release|Any CPU.ActiveCfg = Release|Any CPU
		{CE30254A-71F2-4BC4-A78E-E3C33E733BA8}.Release|Any CPU.Build.0 = Release|Any CPU
		{A7319098-F7CA-45D6-8392-74D3F90F60D6}.Debug|Any CPU.ActiveCfg = Debug|Any CPU
		{A7319098-F7CA-45D6-8392-74D3F90F60D6}.Debug|Any CPU.Build.0 = Debug|Any CPU
		{A7319098-F7CA-45D6-8392-74D3F90F60D6}.Release|Any CPU.ActiveCfg = Release|Any CPU
		{A7319098-F7CA-45D6-8392-74D3F90F60D6}.Release|Any CPU.Build.0 = Release|Any CPU
	EndGlobalSection
	GlobalSection(SolutionProperties) = preSolution
		HideSolutionNode = FALSE
	EndGlobalSection
	GlobalSection(NestedProjects) = preSolution
		{3B90A11B-999C-4098-9921-6023439702EE} = {25F5CCC0-89A1-4CDF-8831-D107D8C00793}
		{891A452C-AE11-4772-9994-90A2E9879C34} = {25F5CCC0-89A1-4CDF-8831-D107D8C00793}
		{CE30254A-71F2-4BC4-A78E-E3C33E733BA8} = {25F5CCC0-89A1-4CDF-8831-D107D8C00793}
		{A7319098-F7CA-45D6-8392-74D3F90F60D6} = {25F5CCC0-89A1-4CDF-8831-D107D8C00793}
	EndGlobalSection
	GlobalSection(ExtensibilityGlobals) = postSolution
		SolutionGuid = {E90CDEAA-30F7-4A20-B5FD-FD8EADF3582D}
	EndGlobalSection
EndGlobal
